{
  "version": 4,
  "terraform_version": "0.15.0",
  "serial": 3,
  "lineage": "0d2dd96c-5d07-1234-c6b3-ade777e65304",
  "outputs": {
    "kubernetes_cluster_host": {
      "value": "35.225.61.48",
      "type": "string"
    },
    "kubernetes_cluster_name": {
      "value": "test-cluster",
      "type": "string"
    },
    "project_id": {
      "value": "silicon-reason-309505",
      "type": "string"
    },
    "region": {
      "value": "us-central1",
      "type": "string"
    }
  },
  "resources": [
    {
      "mode": "managed",
      "type": "google_container_cluster",
      "name": "primary",
      "provider": "provider[\"registry.terraform.io/hashicorp/google\"]",
      "instances": [
        {
          "schema_version": 1,
          "attributes": {
            "addons_config": [
              {
                "cloudrun_config": [],
                "horizontal_pod_autoscaling": [],
                "http_load_balancing": [],
                "network_policy_config": [
                  {
                    "disabled": true
                  }
                ]
              }
            ],
            "authenticator_groups_config": [],
            "cluster_autoscaling": [
              {
                "auto_provisioning_defaults": [],
                "enabled": false,
                "resource_limits": []
              }
            ],
            "cluster_ipv4_cidr": "10.0.0.0/14",
            "database_encryption": [
              {
                "key_name": "",
                "state": "DECRYPTED"
              }
            ],
            "default_max_pods_per_node": null,
            "description": "",
            "enable_binary_authorization": false,
            "enable_intranode_visibility": null,
            "enable_kubernetes_alpha": false,
            "enable_legacy_abac": false,
            "enable_shielded_nodes": false,
            "enable_tpu": null,
            "endpoint": "35.225.61.48",
            "id": "projects/silicon-reason-309505/locations/us-central1/clusters/test-cluster",
            "initial_node_count": 1,
            "instance_group_urls": [],
            "ip_allocation_policy": [],
            "label_fingerprint": "a9dc16a7",
            "location": "us-central1",
            "logging_service": "logging.googleapis.com/kubernetes",
            "maintenance_policy": [],
            "master_auth": [
              {
                "client_certificate": "",
                "client_certificate_config": [
                  {
                    "issue_client_certificate": false
                  }
                ],
                "client_key": "",
                "cluster_ca_certificate": "LS0tLS1CRUdJTiBDRVJUSUZJQ0FURS0tLS0tCk1JSURLekNDQWhPZ0F3SUJBZ0lSQUtMbUV0VFJzbjhzYXVodGZJRmtyWTh3RFFZSktvWklodmNOQVFFTEJRQXcKTHpFdE1Dc0dBMVVFQXhNa05qZ3haamt6TVRBdE5qZGhOeTAwWldWaExUa3dNREF0TW1KbE1UQXpOakJsT1dZMgpNQjRYRFRJeE1EUXlOakV6TlRBeE5Wb1hEVEkyTURReU5URTBOVEF4TlZvd0x6RXRNQ3NHQTFVRUF4TWtOamd4Clpqa3pNVEF0TmpkaE55MDBaV1ZoTFRrd01EQXRNbUpsTVRBek5qQmxPV1kyTUlJQklqQU5CZ2txaGtpRzl3MEIKQVFFRkFBT0NBUThBTUlJQkNnS0NBUUVBc0hUKzhlSy9XU3MwTCt4VHdsTFhmQWFhR3QyUG04clpUbjR4Z3FUMwpYV0VyeUVtQkR1OXpkNWtlVlB5SThKU09WWWltaWwwVUFWRmlmaVdlNHo5elhiSzFrZk0wUTBYL1pKcmYvUDZLClJvekRLSUI4NHJNdk43emxYeFB5TWwzWDdNUDhqQXErR2hNSDR1WUJteFNGbEJ0bXltK2czcGdJTWhZUkxrYkEKT09iZ3U4U3BHVWZ5WG8wUEJNOEJlMnpibVNEZmtPWkVqY0NBN3dkSGFabmtXRjkreEVNQnNlT0dmd05tZXBNMwo3bEZvVk1aV2xQL2hzWE9BOGZ3SjBPUnNYS2drV3BVTGlyWVRPUDBDZkloU3hmay9Ya0dEU0owakVrVG5aNU8zCkdwRE1mTEM5bU40TmRiUUJhMFMxdGdxUTF1WlhGNkYyT2tIc3JEcm8zWUZPT1FJREFRQUJvMEl3UURBT0JnTlYKSFE4QkFmOEVCQU1DQWdRd0R3WURWUjBUQVFIL0JBVXdBd0VCL3pBZEJnTlZIUTRFRmdRVVg5MGJici8zNWZoZwpxSzRub2xua3YrRTljdXd3RFFZSktvWklodmNOQVFFTEJRQURnZ0VCQUtGaysvZEJsR0NCdGcvWDdveG05SWZZCjNwYlE2Ukp0TGkwMEc2Y0ZkdzRnQlF5RjVjWWxLQUZtYlAzbjByU3Y5T1hZcE1rSVZEWGg0OFUwWXM1dCtZY3YKOVVpS2I5VDNVdEtuM2FuWVJycWR4VDN6WFNGRVVEUnlieGs3LzNWNU5VNll4WXp2U3lZNUhQN3dIdVRDNGd2Vwp2TmJJa2lMa05hV2cwWVV3dHo4M3NCc0xmeHluSHhxVXhJRmEzTTFmZ1p1dUh2WnZiL0xNMm9hVjIzK3NTem10Ck5UTXl0MmxmbXFzNUpZZ3pkQUR3dldlQXVUY2w2MFU2NlZYay85LzMxWWMxQldkRTJWdXFNMWZWQlJxaGp3WGkKRnVNU0J5TzBFRUU4bWVDV1lpS3dFQ2pPNWFySkFyK0h1WUNtS2ZKd1UyZDdWYnZlRGJKNm4vWEVRVU10TnYwPQotLS0tLUVORCBDRVJUSUZJQ0FURS0tLS0tCg==",
                "password": "",
                "username": ""
              }
            ],
            "master_authorized_networks_config": [],
            "master_version": "1.18.16-gke.502",
            "min_master_version": null,
            "monitoring_service": "monitoring.googleapis.com/kubernetes",
            "name": "test-cluster",
            "network": "projects/silicon-reason-309505/global/networks/default",
            "network_policy": [
              {
                "enabled": false,
                "provider": "PROVIDER_UNSPECIFIED"
              }
            ],
            "node_config": [],
            "node_locations": [
              "us-central1-a",
              "us-central1-c",
              "us-central1-f"
            ],
            "node_pool": [],
            "node_version": "1.18.16-gke.502",
            "operation": null,
            "pod_security_policy_config": [],
            "private_cluster_config": [],
            "project": "silicon-reason-309505",
            "release_channel": [
              {
                "channel": "REGULAR"
              }
            ],
            "remove_default_node_pool": true,
            "resource_labels": null,
            "resource_usage_export_config": [],
            "self_link": "https://container.googleapis.com/v1beta1/projects/silicon-reason-309505/locations/us-central1/clusters/test-cluster",
            "services_ipv4_cidr": "10.3.240.0/20",
            "subnetwork": "projects/silicon-reason-309505/regions/us-central1/subnetworks/default",
            "timeouts": null,
            "vertical_pod_autoscaling": [],
            "workload_identity_config": []
          },
          "sensitive_attributes": [],
          "private": "eyJlMmJmYjczMC1lY2FhLTExZTYtOGY4OC0zNDM2M2JjN2M0YzAiOnsiY3JlYXRlIjoyNDAwMDAwMDAwMDAwLCJkZWxldGUiOjI0MDAwMDAwMDAwMDAsInJlYWQiOjI0MDAwMDAwMDAwMDAsInVwZGF0ZSI6MzYwMDAwMDAwMDAwMH0sInNjaGVtYV92ZXJzaW9uIjoiMSJ9"
        }
      ]
    },
    {
      "mode": "managed",
      "type": "google_container_node_pool",
      "name": "primary_nodes",
      "provider": "provider[\"registry.terraform.io/hashicorp/google\"]",
      "instances": [
        {
          "schema_version": 1,
          "attributes": {
            "autoscaling": [],
            "cluster": "test-cluster",
            "id": "projects/silicon-reason-309505/locations/us-central1/clusters/test-cluster/nodePools/test-cluster",
            "initial_node_count": 2,
            "instance_group_urls": [
              "https://www.googleapis.com/compute/v1/projects/silicon-reason-309505/zones/us-central1-f/instanceGroupManagers/gke-test-cluster-test-cluster-381c5ae7-grp",
              "https://www.googleapis.com/compute/v1/projects/silicon-reason-309505/zones/us-central1-a/instanceGroupManagers/gke-test-cluster-test-cluster-6e90b3ea-grp",
              "https://www.googleapis.com/compute/v1/projects/silicon-reason-309505/zones/us-central1-c/instanceGroupManagers/gke-test-cluster-test-cluster-8ba79d78-grp"
            ],
            "location": "us-central1",
            "management": [
              {
                "auto_repair": true,
                "auto_upgrade": true
              }
            ],
            "max_pods_per_node": null,
            "name": "test-cluster",
            "name_prefix": "",
            "node_config": [
              {
                "disk_size_gb": 100,
                "disk_type": "pd-standard",
                "guest_accelerator": [],
                "image_type": "COS",
                "labels": {
                  "env": "silicon-reason-309505"
                },
                "local_ssd_count": 0,
                "machine_type": "n1-standard-1",
                "metadata": {
                  "disable-legacy-endpoints": "true"
                },
                "min_cpu_platform": "",
                "oauth_scopes": [
                  "https://www.googleapis.com/auth/logging.write",
                  "https://www.googleapis.com/auth/monitoring"
                ],
                "preemptible": false,
                "service_account": "default",
                "shielded_instance_config": [
                  {
                    "enable_integrity_monitoring": true,
                    "enable_secure_boot": false
                  }
                ],
                "tags": [
                  "gke-node",
                  "test-cluster"
                ],
                "taint": [],
                "workload_metadata_config": []
              }
            ],
            "node_count": 2,
            "node_locations": [
              "us-central1-a",
              "us-central1-c",
              "us-central1-f"
            ],
            "project": "silicon-reason-309505",
            "timeouts": null,
            "upgrade_settings": [
              {
                "max_surge": 1,
                "max_unavailable": 0
              }
            ],
            "version": "1.18.16-gke.502"
          },
          "sensitive_attributes": [],
          "private": "eyJlMmJmYjczMC1lY2FhLTExZTYtOGY4OC0zNDM2M2JjN2M0YzAiOnsiY3JlYXRlIjoxODAwMDAwMDAwMDAwLCJkZWxldGUiOjE4MDAwMDAwMDAwMDAsInVwZGF0ZSI6MTgwMDAwMDAwMDAwMH0sInNjaGVtYV92ZXJzaW9uIjoiMSJ9",
          "dependencies": [
            "google_container_cluster.primary"
          ]
        }
      ]
    }
  ]
}
