{
  "version": 4,
  "terraform_version": "0.15.0",
  "serial": 5,
  "lineage": "0d2dd96c-5d07-1234-c6b3-ade777e65304",
  "outputs": {
    "kubernetes_cluster_host": {
      "value": "146.148.109.9",
      "type": "string"
    },
    "kubernetes_cluster_name": {
      "value": "test-cluster",
      "type": "string"
    },
    "project_id": {
      "value": "silicon-reason-309505",
      "type": "string"
    },
    "region": {
      "value": "us-central1",
      "type": "string"
    }
  },
  "resources": [
    {
      "mode": "managed",
      "type": "google_container_cluster",
      "name": "primary",
      "provider": "provider[\"registry.terraform.io/hashicorp/google\"]",
      "instances": [
        {
          "schema_version": 1,
          "attributes": {
            "addons_config": [
              {
                "cloudrun_config": [],
                "horizontal_pod_autoscaling": [],
                "http_load_balancing": [],
                "network_policy_config": [
                  {
                    "disabled": true
                  }
                ]
              }
            ],
            "authenticator_groups_config": [],
            "cluster_autoscaling": [
              {
                "auto_provisioning_defaults": [],
                "enabled": false,
                "resource_limits": []
              }
            ],
            "cluster_ipv4_cidr": "10.0.0.0/14",
            "database_encryption": [
              {
                "key_name": "",
                "state": "DECRYPTED"
              }
            ],
            "default_max_pods_per_node": null,
            "description": "",
            "enable_binary_authorization": false,
            "enable_intranode_visibility": null,
            "enable_kubernetes_alpha": false,
            "enable_legacy_abac": false,
            "enable_shielded_nodes": false,
            "enable_tpu": null,
            "endpoint": "146.148.109.9",
            "id": "projects/silicon-reason-309505/locations/us-central1/clusters/test-cluster",
            "initial_node_count": 1,
            "instance_group_urls": [
              "https://www.googleapis.com/compute/v1/projects/silicon-reason-309505/zones/us-central1-c/instanceGroups/gke-test-cluster-default-pool-3e80d1eb-grp",
              "https://www.googleapis.com/compute/v1/projects/silicon-reason-309505/zones/us-central1-f/instanceGroups/gke-test-cluster-default-pool-cd665e01-grp",
              "https://www.googleapis.com/compute/v1/projects/silicon-reason-309505/zones/us-central1-b/instanceGroups/gke-test-cluster-default-pool-03d47f3a-grp"
            ],
            "ip_allocation_policy": [],
            "label_fingerprint": "a9dc16a7",
            "location": "us-central1",
            "logging_service": "logging.googleapis.com/kubernetes",
            "maintenance_policy": [],
            "master_auth": [
              {
                "client_certificate": "",
                "client_certificate_config": [
                  {
                    "issue_client_certificate": false
                  }
                ],
                "client_key": "",
                "cluster_ca_certificate": "LS0tLS1CRUdJTiBDRVJUSUZJQ0FURS0tLS0tCk1JSURLekNDQWhPZ0F3SUJBZ0lSQUpXbVlDaFlmeDhNOWRJU1dWQWZiRDh3RFFZSktvWklodmNOQVFFTEJRQXcKTHpFdE1Dc0dBMVVFQXhNa01qTXlOVGM1TnpBdE5qYzJOeTAwTnpObUxXRTJaVFF0WXpjd1lqa3pNR1U1TjJWbApNQjRYRFRJeE1EUXlPREl5TWpBek1Gb1hEVEkyTURReU56SXpNakF6TUZvd0x6RXRNQ3NHQTFVRUF4TWtNak15Ck5UYzVOekF0TmpjMk55MDBOek5tTFdFMlpUUXRZemN3WWprek1HVTVOMlZsTUlJQklqQU5CZ2txaGtpRzl3MEIKQVFFRkFBT0NBUThBTUlJQkNnS0NBUUVBcWEzUjkvaUV5S1VPcVk2WHhlbkFCeTFiOWQ0NTB1VkdFMHNjb1h5bgpJS011WjNId0RRZndmRFJoYnAyK2JtRmJFYkJBNGYxNlcyV2E3U1Rod0NzNnRZMTJPdVdVeEFvbm1XNlhsVUFyCnNoSTZWVm5nU0ZUbElOd2dDb1F6M3l3TU40Q0w5QjN0WG55U09remdqRkQzRndNQncrNGVaNlExK09NdHEyNzUKUEg2SmVwb2t6TXRIRnpieUVoRFdaYlk2eHAwampIV0NHckFDWE44Y2lORlc5dkJsYXBJd010c2ZPNGZLZ210UwpDVjkxQVVvOUQzb3B5SzdaMisvOVlEcmluSVZUVklLa0dNRUpDMTZacXd6V3RIdGJockZzWExaeU1HRzFJTWFmCjZxWWhOVmRrcVduQ0hwbEJ1dWNRbzF0aXNOYklvWmovM2dMbWQ3T2R2MzlzeXdJREFRQUJvMEl3UURBT0JnTlYKSFE4QkFmOEVCQU1DQWdRd0R3WURWUjBUQVFIL0JBVXdBd0VCL3pBZEJnTlZIUTRFRmdRVUtvQ0ZicW5pbEphRwprUmkrNWxmWkJUZHkwS1F3RFFZSktvWklodmNOQVFFTEJRQURnZ0VCQUJOWXVpc2dCK1h4UGVRWTlTdk9xNEY1ClFDeHlUSWYxL01oOXp3c0dCQ1pFaEtVaFBRbUh2Q3BKNGRLYzVzcHlHVmI0S3RTc1N5b1o0WDh6NHgwSnl4MksKSGN5ak5xY1Uwbzh2YXdyTi9wOXpjK3E4R0lwelB4VDVKdmhTS210ckl0bmE3TjBsQmYydWlISlExdVFKMmg4ZwptU1Ixck1MaGNXWGludkZHclhQSXFKeUtMb1F5Yk5ObXpsMHBEOHArVnZDNHg4RmRRVlFleHFpWGdteUFzSjYwCng5UkRHREJuR0lFaU9mbVRkcTRGdUoxM3JvQUhyU3BiK1hMWG53eFZCdWkzTkhPVzB2TTNWZWVRd0g0WTJscUsKQi9tYjFzMHlGTjhXQmlxVjhNZ05FREVBNERkWjdUSmlGSlpYYXoxYXBSN3RFdXUybUtWbUJ6SFRMVWdMRkk0PQotLS0tLUVORCBDRVJUSUZJQ0FURS0tLS0tCg==",
                "password": "",
                "username": ""
              }
            ],
            "master_authorized_networks_config": [],
            "master_version": "1.18.16-gke.502",
            "min_master_version": null,
            "monitoring_service": "monitoring.googleapis.com/kubernetes",
            "name": "test-cluster",
            "network": "projects/silicon-reason-309505/global/networks/default",
            "network_policy": [
              {
                "enabled": false,
                "provider": "PROVIDER_UNSPECIFIED"
              }
            ],
            "node_config": [
              {
                "disk_size_gb": 100,
                "disk_type": "pd-standard",
                "guest_accelerator": [],
                "image_type": "COS",
                "labels": {},
                "local_ssd_count": 0,
                "machine_type": "e2-medium",
                "metadata": {
                  "disable-legacy-endpoints": "true"
                },
                "min_cpu_platform": "",
                "oauth_scopes": [
                  "https://www.googleapis.com/auth/devstorage.read_only",
                  "https://www.googleapis.com/auth/logging.write",
                  "https://www.googleapis.com/auth/monitoring",
                  "https://www.googleapis.com/auth/service.management.readonly",
                  "https://www.googleapis.com/auth/servicecontrol",
                  "https://www.googleapis.com/auth/trace.append"
                ],
                "preemptible": false,
                "service_account": "default",
                "shielded_instance_config": [
                  {
                    "enable_integrity_monitoring": true,
                    "enable_secure_boot": false
                  }
                ],
                "tags": [],
                "taint": [],
                "workload_metadata_config": []
              }
            ],
            "node_locations": [
              "us-central1-b",
              "us-central1-c",
              "us-central1-f"
            ],
            "node_pool": [
              {
                "autoscaling": [],
                "initial_node_count": 1,
                "instance_group_urls": [
                  "https://www.googleapis.com/compute/v1/projects/silicon-reason-309505/zones/us-central1-c/instanceGroupManagers/gke-test-cluster-default-pool-3e80d1eb-grp",
                  "https://www.googleapis.com/compute/v1/projects/silicon-reason-309505/zones/us-central1-f/instanceGroupManagers/gke-test-cluster-default-pool-cd665e01-grp",
                  "https://www.googleapis.com/compute/v1/projects/silicon-reason-309505/zones/us-central1-b/instanceGroupManagers/gke-test-cluster-default-pool-03d47f3a-grp"
                ],
                "management": [
                  {
                    "auto_repair": true,
                    "auto_upgrade": true
                  }
                ],
                "max_pods_per_node": 0,
                "name": "default-pool",
                "name_prefix": "",
                "node_config": [
                  {
                    "disk_size_gb": 100,
                    "disk_type": "pd-standard",
                    "guest_accelerator": [],
                    "image_type": "COS",
                    "labels": {},
                    "local_ssd_count": 0,
                    "machine_type": "e2-medium",
                    "metadata": {
                      "disable-legacy-endpoints": "true"
                    },
                    "min_cpu_platform": "",
                    "oauth_scopes": [
                      "https://www.googleapis.com/auth/devstorage.read_only",
                      "https://www.googleapis.com/auth/logging.write",
                      "https://www.googleapis.com/auth/monitoring",
                      "https://www.googleapis.com/auth/service.management.readonly",
                      "https://www.googleapis.com/auth/servicecontrol",
                      "https://www.googleapis.com/auth/trace.append"
                    ],
                    "preemptible": false,
                    "service_account": "default",
                    "shielded_instance_config": [
                      {
                        "enable_integrity_monitoring": true,
                        "enable_secure_boot": false
                      }
                    ],
                    "tags": [],
                    "taint": [],
                    "workload_metadata_config": []
                  }
                ],
                "node_count": 1,
                "node_locations": [
                  "us-central1-b",
                  "us-central1-c",
                  "us-central1-f"
                ],
                "upgrade_settings": [
                  {
                    "max_surge": 1,
                    "max_unavailable": 0
                  }
                ],
                "version": "1.18.16-gke.502"
              }
            ],
            "node_version": "1.18.16-gke.502",
            "operation": null,
            "pod_security_policy_config": [],
            "private_cluster_config": [],
            "project": "silicon-reason-309505",
            "release_channel": [
              {
                "channel": "REGULAR"
              }
            ],
            "remove_default_node_pool": false,
            "resource_labels": null,
            "resource_usage_export_config": [],
            "self_link": "https://container.googleapis.com/v1beta1/projects/silicon-reason-309505/locations/us-central1/clusters/test-cluster",
            "services_ipv4_cidr": "10.3.240.0/20",
            "subnetwork": "projects/silicon-reason-309505/regions/us-central1/subnetworks/default",
            "timeouts": null,
            "vertical_pod_autoscaling": [],
            "workload_identity_config": []
          },
          "sensitive_attributes": [],
          "private": "eyJlMmJmYjczMC1lY2FhLTExZTYtOGY4OC0zNDM2M2JjN2M0YzAiOnsiY3JlYXRlIjoyNDAwMDAwMDAwMDAwLCJkZWxldGUiOjI0MDAwMDAwMDAwMDAsInJlYWQiOjI0MDAwMDAwMDAwMDAsInVwZGF0ZSI6MzYwMDAwMDAwMDAwMH0sInNjaGVtYV92ZXJzaW9uIjoiMSJ9"
        }
      ]
    }
  ]
}
